// !$*UTF8*$!
{
	archiveVersion = 1;
	classes = {
	};
	objectVersion = 48;
	objects = {

/* Begin PBXBuildFile section */
		9D4003C91F949F060036094D /* DataSource.swift in Sources */ = {isa = PBXBuildFile; fileRef = 9D4003C81F949F060036094D /* DataSource.swift */; };
		9DC8A0601F9D154800390EEB /* ViewModel.swift in Sources */ = {isa = PBXBuildFile; fileRef = 9DC8A05F1F9D154800390EEB /* ViewModel.swift */; };
		9DC8A0621F9D3ABC00390EEB /* TypesAndOperators.swift in Sources */ = {isa = PBXBuildFile; fileRef = 9DC8A0611F9D3ABC00390EEB /* TypesAndOperators.swift */; };
		9DEDA9B11F8CDA7100C9E002 /* AppDelegate.swift in Sources */ = {isa = PBXBuildFile; fileRef = 9DEDA9B01F8CDA7100C9E002 /* AppDelegate.swift */; };
		9DEDA9B31F8CDA7100C9E002 /* ViewController.swift in Sources */ = {isa = PBXBuildFile; fileRef = 9DEDA9B21F8CDA7100C9E002 /* ViewController.swift */; };
		9DEDA9B61F8CDA7100C9E002 /* Main.storyboard in Resources */ = {isa = PBXBuildFile; fileRef = 9DEDA9B41F8CDA7100C9E002 /* Main.storyboard */; };
		9DEDA9B81F8CDA7100C9E002 /* Assets.xcassets in Resources */ = {isa = PBXBuildFile; fileRef = 9DEDA9B71F8CDA7100C9E002 /* Assets.xcassets */; };
		9DEDA9BB1F8CDA7100C9E002 /* LaunchScreen.storyboard in Resources */ = {isa = PBXBuildFile; fileRef = 9DEDA9B91F8CDA7100C9E002 /* LaunchScreen.storyboard */; };
/* End PBXBuildFile section */

/* Begin PBXFileReference section */
		9D4003C81F949F060036094D /* DataSource.swift */ = {isa = PBXFileReference; lastKnownFileType = sourcecode.swift; path = DataSource.swift; sourceTree = "<group>"; };
		9DC8A05F1F9D154800390EEB /* ViewModel.swift */ = {isa = PBXFileReference; lastKnownFileType = sourcecode.swift; path = ViewModel.swift; sourceTree = "<group>"; };
		9DC8A0611F9D3ABC00390EEB /* TypesAndOperators.swift */ = {isa = PBXFileReference; lastKnownFileType = sourcecode.swift; path = TypesAndOperators.swift; sourceTree = "<group>"; };
		9DEDA9AD1F8CDA7100C9E002 /* CompileTimeImprovementDemo.app */ = {isa = PBXFileReference; explicitFileType = wrapper.application; includeInIndex = 0; path = CompileTimeImprovementDemo.app; sourceTree = BUILT_PRODUCTS_DIR; };
		9DEDA9B01F8CDA7100C9E002 /* AppDelegate.swift */ = {isa = PBXFileReference; lastKnownFileType = sourcecode.swift; path = AppDelegate.swift; sourceTree = "<group>"; };
		9DEDA9B21F8CDA7100C9E002 /* ViewController.swift */ = {isa = PBXFileReference; lastKnownFileType = sourcecode.swift; path = ViewController.swift; sourceTree = "<group>"; };
		9DEDA9B51F8CDA7100C9E002 /* Base */ = {isa = PBXFileReference; lastKnownFileType = file.storyboard; name = Base; path = Base.lproj/Main.storyboard; sourceTree = "<group>"; };
		9DEDA9B71F8CDA7100C9E002 /* Assets.xcassets */ = {isa = PBXFileReference; lastKnownFileType = folder.assetcatalog; path = Assets.xcassets; sourceTree = "<group>"; };
		9DEDA9BA1F8CDA7100C9E002 /* Base */ = {isa = PBXFileReference; lastKnownFileType = file.storyboard; name = Base; path = Base.lproj/LaunchScreen.storyboard; sourceTree = "<group>"; };
		9DEDA9BC1F8CDA7100C9E002 /* Info.plist */ = {isa = PBXFileReference; lastKnownFileType = text.plist.xml; path = Info.plist; sourceTree = "<group>"; };
/* End PBXFileReference section */

/* Begin PBXFrameworksBuildPhase section */
		9DEDA9AA1F8CDA7100C9E002 /* Frameworks */ = {
			isa = PBXFrameworksBuildPhase;
			buildActionMask = 2147483647;
			files = (
			);
			runOnlyForDeploymentPostprocessing = 0;
		};
/* End PBXFrameworksBuildPhase section */

/* Begin PBXGroup section */
		9DBEC6CB1FA9FDD2007A9BFB /* Controller */ = {
			isa = PBXGroup;
			children = (
				9DEDA9B21F8CDA7100C9E002 /* ViewController.swift */,
				9DC8A05F1F9D154800390EEB /* ViewModel.swift */,
			);
			path = Controller;
			sourceTree = "<group>";
		};
		9DBEC6CC1FA9FDE3007A9BFB /* Resources */ = {
			isa = PBXGroup;
			children = (
				9DEDA9B41F8CDA7100C9E002 /* Main.storyboard */,
				9DEDA9B71F8CDA7100C9E002 /* Assets.xcassets */,
				9DEDA9B91F8CDA7100C9E002 /* LaunchScreen.storyboard */,
			);
			path = Resources;
			sourceTree = "<group>";
		};
		9DBEC6CD1FA9FDF9007A9BFB /* Model */ = {
			isa = PBXGroup;
			children = (
				9D4003C81F949F060036094D /* DataSource.swift */,
			);
			path = Model;
			sourceTree = "<group>";
		};
		9DBEC6CE1FA9FE2D007A9BFB /* SupportingFiles */ = {
			isa = PBXGroup;
			children = (
				9DEDA9B01F8CDA7100C9E002 /* AppDelegate.swift */,
				9DEDA9BC1F8CDA7100C9E002 /* Info.plist */,
			);
			path = SupportingFiles;
			sourceTree = "<group>";
		};
		9DBEC6CF1FA9FE45007A9BFB /* Showcases */ = {
			isa = PBXGroup;
			children = (
				9DC8A0611F9D3ABC00390EEB /* TypesAndOperators.swift */,
			);
			path = Showcases;
			sourceTree = "<group>";
		};
		9DEDA9A41F8CDA7100C9E002 = {
			isa = PBXGroup;
			children = (
				9DEDA9AF1F8CDA7100C9E002 /* CompileTimeImprovementDemo */,
				9DEDA9AE1F8CDA7100C9E002 /* Products */,
			);
			sourceTree = "<group>";
		};
		9DEDA9AE1F8CDA7100C9E002 /* Products */ = {
			isa = PBXGroup;
			children = (
				9DEDA9AD1F8CDA7100C9E002 /* CompileTimeImprovementDemo.app */,
			);
			name = Products;
			sourceTree = "<group>";
		};
		9DEDA9AF1F8CDA7100C9E002 /* CompileTimeImprovementDemo */ = {
			isa = PBXGroup;
			children = (
				9DBEC6CD1FA9FDF9007A9BFB /* Model */,
				9DBEC6CB1FA9FDD2007A9BFB /* Controller */,
				9DBEC6CF1FA9FE45007A9BFB /* Showcases */,
				9DBEC6CC1FA9FDE3007A9BFB /* Resources */,
				9DBEC6CE1FA9FE2D007A9BFB /* SupportingFiles */,
			);
			path = CompileTimeImprovementDemo;
			sourceTree = "<group>";
		};
/* End PBXGroup section */

/* Begin PBXNativeTarget section */
		9DEDA9AC1F8CDA7100C9E002 /* CompileTimeImprovementDemo */ = {
			isa = PBXNativeTarget;
			buildConfigurationList = 9DEDA9BF1F8CDA7100C9E002 /* Build configuration list for PBXNativeTarget "CompileTimeImprovementDemo" */;
			buildPhases = (
				9DEDA9A91F8CDA7100C9E002 /* Sources */,
				9DEDA9AA1F8CDA7100C9E002 /* Frameworks */,
				9DEDA9AB1F8CDA7100C9E002 /* Resources */,
			);
			buildRules = (
			);
			dependencies = (
			);
			name = CompileTimeImprovementDemo;
			productName = CompileTimeImprovementDemo;
			productReference = 9DEDA9AD1F8CDA7100C9E002 /* CompileTimeImprovementDemo.app */;
			productType = "com.apple.product-type.application";
		};
/* End PBXNativeTarget section */

/* Begin PBXProject section */
		9DEDA9A51F8CDA7100C9E002 /* Project object */ = {
			isa = PBXProject;
			attributes = {
				LastSwiftUpdateCheck = 0900;
				LastUpgradeCheck = 0900;
				ORGANIZATIONNAME = STRV;
				TargetAttributes = {
					9DEDA9AC1F8CDA7100C9E002 = {
						CreatedOnToolsVersion = 9.0;
						ProvisioningStyle = Automatic;
					};
				};
			};
			buildConfigurationList = 9DEDA9A81F8CDA7100C9E002 /* Build configuration list for PBXProject "CompileTimeImprovementDemo" */;
			compatibilityVersion = "Xcode 8.0";
			developmentRegion = en;
			hasScannedForEncodings = 0;
			knownRegions = (
				en,
				Base,
			);
			mainGroup = 9DEDA9A41F8CDA7100C9E002;
			productRefGroup = 9DEDA9AE1F8CDA7100C9E002 /* Products */;
			projectDirPath = "";
			projectRoot = "";
			targets = (
				9DEDA9AC1F8CDA7100C9E002 /* CompileTimeImprovementDemo */,
			);
		};
/* End PBXProject section */

/* Begin PBXResourcesBuildPhase section */
		9DEDA9AB1F8CDA7100C9E002 /* Resources */ = {
			isa = PBXResourcesBuildPhase;
			buildActionMask = 2147483647;
			files = (
				9DEDA9BB1F8CDA7100C9E002 /* LaunchScreen.storyboard in Resources */,
				9DEDA9B81F8CDA7100C9E002 /* Assets.xcassets in Resources */,
				9DEDA9B61F8CDA7100C9E002 /* Main.storyboard in Resources */,
			);
			runOnlyForDeploymentPostprocessing = 0;
		};
/* End PBXResourcesBuildPhase section */

/* Begin PBXSourcesBuildPhase section */
		9DEDA9A91F8CDA7100C9E002 /* Sources */ = {
			isa = PBXSourcesBuildPhase;
			buildActionMask = 2147483647;
			files = (
				9DC8A0621F9D3ABC00390EEB /* TypesAndOperators.swift in Sources */,
				9D4003C91F949F060036094D /* DataSource.swift in Sources */,
				9DEDA9B31F8CDA7100C9E002 /* ViewController.swift in Sources */,
				9DC8A0601F9D154800390EEB /* ViewModel.swift in Sources */,
				9DEDA9B11F8CDA7100C9E002 /* AppDelegate.swift in Sources */,
			);
			runOnlyForDeploymentPostprocessing = 0;
		};
/* End PBXSourcesBuildPhase section */

/* Begin PBXVariantGroup section */
		9DEDA9B41F8CDA7100C9E002 /* Main.storyboard */ = {
			isa = PBXVariantGroup;
			children = (
				9DEDA9B51F8CDA7100C9E002 /* Base */,
			);
			name = Main.storyboard;
			sourceTree = "<group>";
		};
		9DEDA9B91F8CDA7100C9E002 /* LaunchScreen.storyboard */ = {
			isa = PBXVariantGroup;
			children = (
				9DEDA9BA1F8CDA7100C9E002 /* Base */,
			);
			name = LaunchScreen.storyboard;
			sourceTree = "<group>";
		};
/* End PBXVariantGroup section */

/* Begin XCBuildConfiguration section */
		9DEDA9BD1F8CDA7100C9E002 /* Debug */ = {
			isa = XCBuildConfiguration;
			buildSettings = {
				ALWAYS_SEARCH_USER_PATHS = NO;
				CLANG_ANALYZER_NONNULL = YES;
				CLANG_ANALYZER_NUMBER_OBJECT_CONVERSION = YES_AGGRESSIVE;
				CLANG_CXX_LANGUAGE_STANDARD = "gnu++14";
				CLANG_CXX_LIBRARY = "libc++";
				CLANG_ENABLE_MODULES = YES;
				CLANG_ENABLE_OBJC_ARC = YES;
				CLANG_WARN_BLOCK_CAPTURE_AUTORELEASING = YES;
				CLANG_WARN_BOOL_CONVERSION = YES;
				CLANG_WARN_COMMA = YES;
				CLANG_WARN_CONSTANT_CONVERSION = YES;
				CLANG_WARN_DIRECT_OBJC_ISA_USAGE = YES_ERROR;
				CLANG_WARN_DOCUMENTATION_COMMENTS = YES;
				CLANG_WARN_EMPTY_BODY = YES;
				CLANG_WARN_ENUM_CONVERSION = YES;
				CLANG_WARN_INFINITE_RECURSION = YES;
				CLANG_WARN_INT_CONVERSION = YES;
				CLANG_WARN_NON_LITERAL_NULL_CONVERSION = YES;
				CLANG_WARN_OBJC_LITERAL_CONVERSION = YES;
				CLANG_WARN_OBJC_ROOT_CLASS = YES_ERROR;
				CLANG_WARN_RANGE_LOOP_ANALYSIS = YES;
				CLANG_WARN_STRICT_PROTOTYPES = YES;
				CLANG_WARN_SUSPICIOUS_MOVE = YES;
				CLANG_WARN_UNGUARDED_AVAILABILITY = YES_AGGRESSIVE;
				CLANG_WARN_UNREACHABLE_CODE = YES;
				CLANG_WARN__DUPLICATE_METHOD_MATCH = YES;
				CODE_SIGN_IDENTITY = "iPhone Developer";
				COPY_PHASE_STRIP = NO;
				DEBUG_INFORMATION_FORMAT = dwarf;
				ENABLE_STRICT_OBJC_MSGSEND = YES;
				ENABLE_TESTABILITY = YES;
				GCC_C_LANGUAGE_STANDARD = gnu11;
				GCC_DYNAMIC_NO_PIC = NO;
				GCC_NO_COMMON_BLOCKS = YES;
				GCC_OPTIMIZATION_LEVEL = 0;
				GCC_PREPROCESSOR_DEFINITIONS = (
					"DEBUG=1",
					"$(inherited)",
				);
				GCC_WARN_64_TO_32_BIT_CONVERSION = YES;
				GCC_WARN_ABOUT_RETURN_TYPE = YES_ERROR;
				GCC_WARN_UNDECLARED_SELECTOR = YES;
				GCC_WARN_UNINITIALIZED_AUTOS = YES_AGGRESSIVE;
				GCC_WARN_UNUSED_FUNCTION = YES;
				GCC_WARN_UNUSED_VARIABLE = YES;
				IPHONEOS_DEPLOYMENT_TARGET = 11.0;
				MTL_ENABLE_DEBUG_INFO = YES;
				ONLY_ACTIVE_ARCH = YES;
				SDKROOT = iphoneos;
				SWIFT_ACTIVE_COMPILATION_CONDITIONS = DEBUG;
				SWIFT_OPTIMIZATION_LEVEL = "-Onone";
			};
			name = Debug;
		};
		9DEDA9BE1F8CDA7100C9E002 /* Release */ = {
			isa = XCBuildConfiguration;
			buildSettings = {
				ALWAYS_SEARCH_USER_PATHS = NO;
				CLANG_ANALYZER_NONNULL = YES;
				CLANG_ANALYZER_NUMBER_OBJECT_CONVERSION = YES_AGGRESSIVE;
				CLANG_CXX_LANGUAGE_STANDARD = "gnu++14";
				CLANG_CXX_LIBRARY = "libc++";
				CLANG_ENABLE_MODULES = YES;
				CLANG_ENABLE_OBJC_ARC = YES;
				CLANG_WARN_BLOCK_CAPTURE_AUTORELEASING = YES;
				CLANG_WARN_BOOL_CONVERSION = YES;
				CLANG_WARN_COMMA = YES;
				CLANG_WARN_CONSTANT_CONVERSION = YES;
				CLANG_WARN_DIRECT_OBJC_ISA_USAGE = YES_ERROR;
				CLANG_WARN_DOCUMENTATION_COMMENTS = YES;
				CLANG_WARN_EMPTY_BODY = YES;
				CLANG_WARN_ENUM_CONVERSION = YES;
				CLANG_WARN_INFINITE_RECURSION = YES;
				CLANG_WARN_INT_CONVERSION = YES;
				CLANG_WARN_NON_LITERAL_NULL_CONVERSION = YES;
				CLANG_WARN_OBJC_LITERAL_CONVERSION = YES;
				CLANG_WARN_OBJC_ROOT_CLASS = YES_ERROR;
				CLANG_WARN_RANGE_LOOP_ANALYSIS = YES;
				CLANG_WARN_STRICT_PROTOTYPES = YES;
				CLANG_WARN_SUSPICIOUS_MOVE = YES;
				CLANG_WARN_UNGUARDED_AVAILABILITY = YES_AGGRESSIVE;
				CLANG_WARN_UNREACHABLE_CODE = YES;
				CLANG_WARN__DUPLICATE_METHOD_MATCH = YES;
				CODE_SIGN_IDENTITY = "iPhone Developer";
				COPY_PHASE_STRIP = NO;
				DEBUG_INFORMATION_FORMAT = "dwarf-with-dsym";
				ENABLE_NS_ASSERTIONS = NO;
				ENABLE_STRICT_OBJC_MSGSEND = YES;
				GCC_C_LANGUAGE_STANDARD = gnu11;
				GCC_NO_COMMON_BLOCKS = YES;
				GCC_WARN_64_TO_32_BIT_CONVERSION = YES;
				GCC_WARN_ABOUT_RETURN_TYPE = YES_ERROR;
				GCC_WARN_UNDECLARED_SELECTOR = YES;
				GCC_WARN_UNINITIALIZED_AUTOS = YES_AGGRESSIVE;
				GCC_WARN_UNUSED_FUNCTION = YES;
				GCC_WARN_UNUSED_VARIABLE = YES;
				IPHONEOS_DEPLOYMENT_TARGET = 11.0;
				MTL_ENABLE_DEBUG_INFO = NO;
				SDKROOT = iphoneos;
				SWIFT_OPTIMIZATION_LEVEL = "-Owholemodule";
				VALIDATE_PRODUCT = YES;
			};
			name = Release;
		};
		9DEDA9C01F8CDA7100C9E002 /* Debug */ = {
			isa = XCBuildConfiguration;
			buildSettings = {
				ASSETCATALOG_COMPILER_APPICON_NAME = AppIcon;
				CODE_SIGN_STYLE = Automatic;
				DEVELOPMENT_TEAM = 5TL33836CK;
				INFOPLIST_FILE = CompileTimeImprovementDemo/SupportingFiles/Info.plist;
				LD_RUNPATH_SEARCH_PATHS = "$(inherited) @executable_path/Frameworks";
				OTHER_SWIFT_FLAGS = "-Xfrontend -warn-long-function-bodies=1 -Xfrontend -warn-long-expression-type-checking=1";
				PRODUCT_BUNDLE_IDENTIFIER = STRV.CompileTimeImprovementDemo;
				PRODUCT_NAME = "$(TARGET_NAME)";
				SWIFT_VERSION = 4.0;
				TARGETED_DEVICE_FAMILY = "1,2";
			};
			name = Debug;
		};
		9DEDA9C11F8CDA7100C9E002 /* Release */ = {
			isa = XCBuildConfiguration;
			buildSettings = {
				ASSETCATALOG_COMPILER_APPICON_NAME = AppIcon;
				CODE_SIGN_STYLE = Automatic;
				DEVELOPMENT_TEAM = 5TL33836CK;
				INFOPLIST_FILE = CompileTimeImprovementDemo/SupportingFiles/Info.plist;
				LD_RUNPATH_SEARCH_PATHS = "$(inherited) @executable_path/Frameworks";
				OTHER_SWIFT_FLAGS = "";
				PRODUCT_BUNDLE_IDENTIFIER = STRV.CompileTimeImprovementDemo;
				PRODUCT_NAME = "$(TARGET_NAME)";
				SWIFT_VERSION = 4.0;
				TARGETED_DEVICE_FAMILY = "1,2";
			};
			name = Release;
		};
/* End XCBuildConfiguration section */

/* Begin XCConfigurationList section */
		9DEDA9A81F8CDA7100C9E002 /* Build configuration list for PBXProject "CompileTimeImprovementDemo" */ = {
			isa = XCConfigurationList;
			buildConfigurations = (
				9DEDA9BD1F8CDA7100C9E002 /* Debug */,
				9DEDA9BE1F8CDA7100C9E002 /* Release */,
			);
			defaultConfigurationIsVisible = 0;
			defaultConfigurationName = Release;
		};
		9DEDA9BF1F8CDA7100C9E002 /* Build configuration list for PBXNativeTarget "CompileTimeImprovementDemo" */ = {
			isa = XCConfigurationList;
			buildConfigurations = (
				9DEDA9C01F8CDA7100C9E002 /* Debug */,
				9DEDA9C11F8CDA7100C9E002 /* Release */,
			);
			defaultConfigurationIsVisible = 0;
			defaultConfigurationName = Release;
		};
/* End XCConfigurationList section */
	};
	rootObject = 9DEDA9A51F8CDA7100C9E002 /* Project object */;
}
